
Microsoft Visual Studio Solution File, Format Version 12.00
# Visual Studio Version 17
VisualStudioVersion = 17.3.32819.101
MinimumVisualStudioVersion = 10.0.40219.1
Project("{FAE04EC0-301F-11D3-BF4B-00C04F79EFBC}") = "Hackday.GraphQL.WebApi", "Hackday.GraphQL.WebApi\Hackday.GraphQL.WebApi.csproj", "{387528BA-FEB8-4F79-A780-6F685715F319}"
EndProject
Global
	GlobalSection(SolutionConfigurationPlatforms) = preSolution
		Debug|Any CPU = Debug|Any CPU
		Release|Any CPU = Release|Any CPU
	EndGlobalSection
	GlobalSection(ProjectConfigurationPlatforms) = postSolution
		{387528BA-FEB8-4F79-A780-6F685715F319}.Debug|Any CPU.ActiveCfg = Debug|Any CPU
		{387528BA-FEB8-4F79-A780-6F685715F319}.Debug|Any CPU.Build.0 = Debug|Any CPU
		{387528BA-FEB8-4F79-A780-6F685715F319}.Release|Any CPU.ActiveCfg = Release|Any CPU
		{387528BA-FEB8-4F79-A780-6F685715F319}.Release|Any CPU.Build.0 = Release|Any CPU
	EndGlobalSection
	GlobalSection(SolutionProperties) = preSolution
		HideSolutionNode = FALSE
	EndGlobalSection
	GlobalSection(ExtensibilityGlobals) = postSolution
		SolutionGuid = {CCF05315-D1FA-42E4-8840-FDABDC2BADC6}
	EndGlobalSection
EndGlobal
